
Microsoft Visual Studio Solution File, Format Version 12.00
# Visual Studio Version 17
VisualStudioVersion = 17.9.34607.119
MinimumVisualStudioVersion = 10.0.40219.1
Project("{FAE04EC0-301F-11D3-BF4B-00C04F79EFBC}") = "SchoolMangementSystem", "SchoolMangementSystem\SchoolMangementSystem.csproj", "{B6EDACE6-570E-41C3-A9D3-65EA2A47D0D4}"
EndProject
Global
	GlobalSection(SolutionConfigurationPlatforms) = preSolution
		Debug|Any CPU = Debug|Any CPU
		Release|Any CPU = Release|Any CPU
	EndGlobalSection
	GlobalSection(ProjectConfigurationPlatforms) = postSolution
		{B6EDACE6-570E-41C3-A9D3-65EA2A47D0D4}.Debug|Any CPU.ActiveCfg = Debug|Any CPU
		{B6EDACE6-570E-41C3-A9D3-65EA2A47D0D4}.Debug|Any CPU.Build.0 = Debug|Any CPU
		{B6EDACE6-570E-41C3-A9D3-65EA2A47D0D4}.Release|Any CPU.ActiveCfg = Release|Any CPU
		{B6EDACE6-570E-41C3-A9D3-65EA2A47D0D4}.Release|Any CPU.Build.0 = Release|Any CPU
	EndGlobalSection
	GlobalSection(SolutionProperties) = preSolution
		HideSolutionNode = FALSE
	EndGlobalSection
	GlobalSection(ExtensibilityGlobals) = postSolution
		SolutionGuid = {8219393E-FABC-49A8-A6AD-8BCD895104DB}
	EndGlobalSection
EndGlobal
